// !$*UTF8*$!
{
	archiveVersion = 1;
	classes = {
	};
	objectVersion = 55;
	objects = {

/* Begin PBXBuildFile section */
		B52E06A5283723F500EF1B3F /* JTrackerApp.swift in Sources */ = {isa = PBXBuildFile; fileRef = B52E06A4283723F500EF1B3F /* JTrackerApp.swift */; };
		B52E06A7283723F500EF1B3F /* SplashView.swift in Sources */ = {isa = PBXBuildFile; fileRef = B52E06A6283723F500EF1B3F /* SplashView.swift */; };
		B52E06A9283723F600EF1B3F /* Assets.xcassets in Resources */ = {isa = PBXBuildFile; fileRef = B52E06A8283723F600EF1B3F /* Assets.xcassets */; };
		B52E06AC283723F600EF1B3F /* Preview Assets.xcassets in Resources */ = {isa = PBXBuildFile; fileRef = B52E06AB283723F600EF1B3F /* Preview Assets.xcassets */; };
		B52E06B6283723F600EF1B3F /* JTrackerTests.swift in Sources */ = {isa = PBXBuildFile; fileRef = B52E06B5283723F600EF1B3F /* JTrackerTests.swift */; };
		B52E06C0283723F600EF1B3F /* JTrackerUITests.swift in Sources */ = {isa = PBXBuildFile; fileRef = B52E06BF283723F600EF1B3F /* JTrackerUITests.swift */; };
		B52E06C2283723F600EF1B3F /* JTrackerUITestsLaunchTests.swift in Sources */ = {isa = PBXBuildFile; fileRef = B52E06C1283723F600EF1B3F /* JTrackerUITestsLaunchTests.swift */; };
		B52E06CF2837283800EF1B3F /* HomeView.swift in Sources */ = {isa = PBXBuildFile; fileRef = B52E06CE2837283800EF1B3F /* HomeView.swift */; };
		B52E06D1283728BF00EF1B3F /* OnboardingView.swift in Sources */ = {isa = PBXBuildFile; fileRef = B52E06D0283728BF00EF1B3F /* OnboardingView.swift */; };
		B52E06D328372C1B00EF1B3F /* Color+Extensions.swift in Sources */ = {isa = PBXBuildFile; fileRef = B52E06D228372C1B00EF1B3F /* Color+Extensions.swift */; };
/* End PBXBuildFile section */

/* Begin PBXContainerItemProxy section */
		B52E06B2283723F600EF1B3F /* PBXContainerItemProxy */ = {
			isa = PBXContainerItemProxy;
			containerPortal = B52E0699283723F500EF1B3F /* Project object */;
			proxyType = 1;
			remoteGlobalIDString = B52E06A0283723F500EF1B3F;
			remoteInfo = JTracker;
		};
		B52E06BC283723F600EF1B3F /* PBXContainerItemProxy */ = {
			isa = PBXContainerItemProxy;
			containerPortal = B52E0699283723F500EF1B3F /* Project object */;
			proxyType = 1;
			remoteGlobalIDString = B52E06A0283723F500EF1B3F;
			remoteInfo = JTracker;
		};
/* End PBXContainerItemProxy section */

/* Begin PBXFileReference section */
		B52E06A1283723F500EF1B3F /* JTracker.app */ = {isa = PBXFileReference; explicitFileType = wrapper.application; includeInIndex = 0; path = JTracker.app; sourceTree = BUILT_PRODUCTS_DIR; };
		B52E06A4283723F500EF1B3F /* JTrackerApp.swift */ = {isa = PBXFileReference; lastKnownFileType = sourcecode.swift; path = JTrackerApp.swift; sourceTree = "<group>"; };
		B52E06A6283723F500EF1B3F /* SplashView.swift */ = {isa = PBXFileReference; lastKnownFileType = sourcecode.swift; path = SplashView.swift; sourceTree = "<group>"; };
		B52E06A8283723F600EF1B3F /* Assets.xcassets */ = {isa = PBXFileReference; lastKnownFileType = folder.assetcatalog; path = Assets.xcassets; sourceTree = "<group>"; };
		B52E06AB283723F600EF1B3F /* Preview Assets.xcassets */ = {isa = PBXFileReference; lastKnownFileType = folder.assetcatalog; path = "Preview Assets.xcassets"; sourceTree = "<group>"; };
		B52E06B1283723F600EF1B3F /* JTrackerTests.xctest */ = {isa = PBXFileReference; explicitFileType = wrapper.cfbundle; includeInIndex = 0; path = JTrackerTests.xctest; sourceTree = BUILT_PRODUCTS_DIR; };
		B52E06B5283723F600EF1B3F /* JTrackerTests.swift */ = {isa = PBXFileReference; lastKnownFileType = sourcecode.swift; path = JTrackerTests.swift; sourceTree = "<group>"; };
		B52E06BB283723F600EF1B3F /* JTrackerUITests.xctest */ = {isa = PBXFileReference; explicitFileType = wrapper.cfbundle; includeInIndex = 0; path = JTrackerUITests.xctest; sourceTree = BUILT_PRODUCTS_DIR; };
		B52E06BF283723F600EF1B3F /* JTrackerUITests.swift */ = {isa = PBXFileReference; lastKnownFileType = sourcecode.swift; path = JTrackerUITests.swift; sourceTree = "<group>"; };
		B52E06C1283723F600EF1B3F /* JTrackerUITestsLaunchTests.swift */ = {isa = PBXFileReference; lastKnownFileType = sourcecode.swift; path = JTrackerUITestsLaunchTests.swift; sourceTree = "<group>"; };
		B52E06CE2837283800EF1B3F /* HomeView.swift */ = {isa = PBXFileReference; lastKnownFileType = sourcecode.swift; path = HomeView.swift; sourceTree = "<group>"; };
		B52E06D0283728BF00EF1B3F /* OnboardingView.swift */ = {isa = PBXFileReference; lastKnownFileType = sourcecode.swift; path = OnboardingView.swift; sourceTree = "<group>"; };
		B52E06D228372C1B00EF1B3F /* Color+Extensions.swift */ = {isa = PBXFileReference; lastKnownFileType = sourcecode.swift; path = "Color+Extensions.swift"; sourceTree = "<group>"; };
/* End PBXFileReference section */

/* Begin PBXFrameworksBuildPhase section */
		B52E069E283723F500EF1B3F /* Frameworks */ = {
			isa = PBXFrameworksBuildPhase;
			buildActionMask = 2147483647;
			files = (
			);
			runOnlyForDeploymentPostprocessing = 0;
		};
		B52E06AE283723F600EF1B3F /* Frameworks */ = {
			isa = PBXFrameworksBuildPhase;
			buildActionMask = 2147483647;
			files = (
			);
			runOnlyForDeploymentPostprocessing = 0;
		};
		B52E06B8283723F600EF1B3F /* Frameworks */ = {
			isa = PBXFrameworksBuildPhase;
			buildActionMask = 2147483647;
			files = (
			);
			runOnlyForDeploymentPostprocessing = 0;
		};
/* End PBXFrameworksBuildPhase section */

/* Begin PBXGroup section */
		B52E0698283723F500EF1B3F = {
			isa = PBXGroup;
			children = (
				B52E06A3283723F500EF1B3F /* JTracker */,
				B52E06AA283723F600EF1B3F /* Preview Content */,
				B52E06B4283723F600EF1B3F /* JTrackerTests */,
				B52E06BE283723F600EF1B3F /* JTrackerUITests */,
				B52E06A2283723F500EF1B3F /* Products */,
			);
			sourceTree = "<group>";
		};
		B52E06A2283723F500EF1B3F /* Products */ = {
			isa = PBXGroup;
			children = (
				B52E06A1283723F500EF1B3F /* JTracker.app */,
				B52E06B1283723F600EF1B3F /* JTrackerTests.xctest */,
				B52E06BB283723F600EF1B3F /* JTrackerUITests.xctest */,
			);
			name = Products;
			sourceTree = "<group>";
		};
		B52E06A3283723F500EF1B3F /* JTracker */ = {
			isa = PBXGroup;
			children = (
				B52E06A4283723F500EF1B3F /* JTrackerApp.swift */,
				B52E06A6283723F500EF1B3F /* SplashView.swift */,
				B52E06A8283723F600EF1B3F /* Assets.xcassets */,
				B52E06CE2837283800EF1B3F /* HomeView.swift */,
				B52E06D0283728BF00EF1B3F /* OnboardingView.swift */,
				B52E06D228372C1B00EF1B3F /* Color+Extensions.swift */,
			);
			path = JTracker;
			sourceTree = "<group>";
		};
		B52E06AA283723F600EF1B3F /* Preview Content */ = {
			isa = PBXGroup;
			children = (
				B52E06AB283723F600EF1B3F /* Preview Assets.xcassets */,
			);
			path = "Preview Content";
			sourceTree = "<group>";
		};
		B52E06B4283723F600EF1B3F /* JTrackerTests */ = {
			isa = PBXGroup;
			children = (
				B52E06B5283723F600EF1B3F /* JTrackerTests.swift */,
			);
			path = JTrackerTests;
			sourceTree = "<group>";
		};
		B52E06BE283723F600EF1B3F /* JTrackerUITests */ = {
			isa = PBXGroup;
			children = (
				B52E06BF283723F600EF1B3F /* JTrackerUITests.swift */,
				B52E06C1283723F600EF1B3F /* JTrackerUITestsLaunchTests.swift */,
			);
			path = JTrackerUITests;
			sourceTree = "<group>";
		};
/* End PBXGroup section */

/* Begin PBXNativeTarget section */
		B52E06A0283723F500EF1B3F /* JTracker */ = {
			isa = PBXNativeTarget;
			buildConfigurationList = B52E06C5283723F600EF1B3F /* Build configuration list for PBXNativeTarget "JTracker" */;
			buildPhases = (
				B52E069D283723F500EF1B3F /* Sources */,
				B52E069E283723F500EF1B3F /* Frameworks */,
				B52E069F283723F500EF1B3F /* Resources */,
			);
			buildRules = (
			);
			dependencies = (
			);
			name = JTracker;
			productName = JTracker;
			productReference = B52E06A1283723F500EF1B3F /* JTracker.app */;
			productType = "com.apple.product-type.application";
		};
		B52E06B0283723F600EF1B3F /* JTrackerTests */ = {
			isa = PBXNativeTarget;
			buildConfigurationList = B52E06C8283723F600EF1B3F /* Build configuration list for PBXNativeTarget "JTrackerTests" */;
			buildPhases = (
				B52E06AD283723F600EF1B3F /* Sources */,
				B52E06AE283723F600EF1B3F /* Frameworks */,
				B52E06AF283723F600EF1B3F /* Resources */,
			);
			buildRules = (
			);
			dependencies = (
				B52E06B3283723F600EF1B3F /* PBXTargetDependency */,
			);
			name = JTrackerTests;
			productName = JTrackerTests;
			productReference = B52E06B1283723F600EF1B3F /* JTrackerTests.xctest */;
			productType = "com.apple.product-type.bundle.unit-test";
		};
		B52E06BA283723F600EF1B3F /* JTrackerUITests */ = {
			isa = PBXNativeTarget;
			buildConfigurationList = B52E06CB283723F600EF1B3F /* Build configuration list for PBXNativeTarget "JTrackerUITests" */;
			buildPhases = (
				B52E06B7283723F600EF1B3F /* Sources */,
				B52E06B8283723F600EF1B3F /* Frameworks */,
				B52E06B9283723F600EF1B3F /* Resources */,
			);
			buildRules = (
			);
			dependencies = (
				B52E06BD283723F600EF1B3F /* PBXTargetDependency */,
			);
			name = JTrackerUITests;
			productName = JTrackerUITests;
			productReference = B52E06BB283723F600EF1B3F /* JTrackerUITests.xctest */;
			productType = "com.apple.product-type.bundle.ui-testing";
		};
/* End PBXNativeTarget section */

/* Begin PBXProject section */
		B52E0699283723F500EF1B3F /* Project object */ = {
			isa = PBXProject;
			attributes = {
				BuildIndependentTargetsInParallel = 1;
				LastSwiftUpdateCheck = 1340;
				LastUpgradeCheck = 1340;
				TargetAttributes = {
					B52E06A0283723F500EF1B3F = {
						CreatedOnToolsVersion = 13.4;
					};
					B52E06B0283723F600EF1B3F = {
						CreatedOnToolsVersion = 13.4;
						TestTargetID = B52E06A0283723F500EF1B3F;
					};
					B52E06BA283723F600EF1B3F = {
						CreatedOnToolsVersion = 13.4;
						TestTargetID = B52E06A0283723F500EF1B3F;
					};
				};
			};
			buildConfigurationList = B52E069C283723F500EF1B3F /* Build configuration list for PBXProject "JTracker" */;
			compatibilityVersion = "Xcode 13.0";
			developmentRegion = en;
			hasScannedForEncodings = 0;
			knownRegions = (
				en,
				Base,
			);
			mainGroup = B52E0698283723F500EF1B3F;
			productRefGroup = B52E06A2283723F500EF1B3F /* Products */;
			projectDirPath = "";
			projectRoot = "";
			targets = (
				B52E06A0283723F500EF1B3F /* JTracker */,
				B52E06B0283723F600EF1B3F /* JTrackerTests */,
				B52E06BA283723F600EF1B3F /* JTrackerUITests */,
			);
		};
/* End PBXProject section */

/* Begin PBXResourcesBuildPhase section */
		B52E069F283723F500EF1B3F /* Resources */ = {
			isa = PBXResourcesBuildPhase;
			buildActionMask = 2147483647;
			files = (
				B52E06AC283723F600EF1B3F /* Preview Assets.xcassets in Resources */,
				B52E06A9283723F600EF1B3F /* Assets.xcassets in Resources */,
			);
			runOnlyForDeploymentPostprocessing = 0;
		};
		B52E06AF283723F600EF1B3F /* Resources */ = {
			isa = PBXResourcesBuildPhase;
			buildActionMask = 2147483647;
			files = (
			);
			runOnlyForDeploymentPostprocessing = 0;
		};
		B52E06B9283723F600EF1B3F /* Resources */ = {
			isa = PBXResourcesBuildPhase;
			buildActionMask = 2147483647;
			files = (
			);
			runOnlyForDeploymentPostprocessing = 0;
		};
/* End PBXResourcesBuildPhase section */

/* Begin PBXSourcesBuildPhase section */
		B52E069D283723F500EF1B3F /* Sources */ = {
			isa = PBXSourcesBuildPhase;
			buildActionMask = 2147483647;
			files = (
				B52E06D328372C1B00EF1B3F /* Color+Extensions.swift in Sources */,
				B52E06CF2837283800EF1B3F /* HomeView.swift in Sources */,
				B52E06D1283728BF00EF1B3F /* OnboardingView.swift in Sources */,
				B52E06A7283723F500EF1B3F /* SplashView.swift in Sources */,
				B52E06A5283723F500EF1B3F /* JTrackerApp.swift in Sources */,
			);
			runOnlyForDeploymentPostprocessing = 0;
		};
		B52E06AD283723F600EF1B3F /* Sources */ = {
			isa = PBXSourcesBuildPhase;
			buildActionMask = 2147483647;
			files = (
				B52E06B6283723F600EF1B3F /* JTrackerTests.swift in Sources */,
			);
			runOnlyForDeploymentPostprocessing = 0;
		};
		B52E06B7283723F600EF1B3F /* Sources */ = {
			isa = PBXSourcesBuildPhase;
			buildActionMask = 2147483647;
			files = (
				B52E06C2283723F600EF1B3F /* JTrackerUITestsLaunchTests.swift in Sources */,
				B52E06C0283723F600EF1B3F /* JTrackerUITests.swift in Sources */,
			);
			runOnlyForDeploymentPostprocessing = 0;
		};
/* End PBXSourcesBuildPhase section */

/* Begin PBXTargetDependency section */
		B52E06B3283723F600EF1B3F /* PBXTargetDependency */ = {
			isa = PBXTargetDependency;
			target = B52E06A0283723F500EF1B3F /* JTracker */;
			targetProxy = B52E06B2283723F600EF1B3F /* PBXContainerItemProxy */;
		};
		B52E06BD283723F600EF1B3F /* PBXTargetDependency */ = {
			isa = PBXTargetDependency;
			target = B52E06A0283723F500EF1B3F /* JTracker */;
			targetProxy = B52E06BC283723F600EF1B3F /* PBXContainerItemProxy */;
		};
/* End PBXTargetDependency section */

/* Begin XCBuildConfiguration section */
		B52E06C3283723F600EF1B3F /* Debug */ = {
			isa = XCBuildConfiguration;
			buildSettings = {
				ALWAYS_SEARCH_USER_PATHS = NO;
				CLANG_ANALYZER_NONNULL = YES;
				CLANG_ANALYZER_NUMBER_OBJECT_CONVERSION = YES_AGGRESSIVE;
				CLANG_CXX_LANGUAGE_STANDARD = "gnu++17";
				CLANG_ENABLE_MODULES = YES;
				CLANG_ENABLE_OBJC_ARC = YES;
				CLANG_ENABLE_OBJC_WEAK = YES;
				CLANG_WARN_BLOCK_CAPTURE_AUTORELEASING = YES;
				CLANG_WARN_BOOL_CONVERSION = YES;
				CLANG_WARN_COMMA = YES;
				CLANG_WARN_CONSTANT_CONVERSION = YES;
				CLANG_WARN_DEPRECATED_OBJC_IMPLEMENTATIONS = YES;
				CLANG_WARN_DIRECT_OBJC_ISA_USAGE = YES_ERROR;
				CLANG_WARN_DOCUMENTATION_COMMENTS = YES;
				CLANG_WARN_EMPTY_BODY = YES;
				CLANG_WARN_ENUM_CONVERSION = YES;
				CLANG_WARN_INFINITE_RECURSION = YES;
				CLANG_WARN_INT_CONVERSION = YES;
				CLANG_WARN_NON_LITERAL_NULL_CONVERSION = YES;
				CLANG_WARN_OBJC_IMPLICIT_RETAIN_SELF = YES;
				CLANG_WARN_OBJC_LITERAL_CONVERSION = YES;
				CLANG_WARN_OBJC_ROOT_CLASS = YES_ERROR;
				CLANG_WARN_QUOTED_INCLUDE_IN_FRAMEWORK_HEADER = YES;
				CLANG_WARN_RANGE_LOOP_ANALYSIS = YES;
				CLANG_WARN_STRICT_PROTOTYPES = YES;
				CLANG_WARN_SUSPICIOUS_MOVE = YES;
				CLANG_WARN_UNGUARDED_AVAILABILITY = YES_AGGRESSIVE;
				CLANG_WARN_UNREACHABLE_CODE = YES;
				CLANG_WARN__DUPLICATE_METHOD_MATCH = YES;
				COPY_PHASE_STRIP = NO;
				DEBUG_INFORMATION_FORMAT = dwarf;
				ENABLE_STRICT_OBJC_MSGSEND = YES;
				ENABLE_TESTABILITY = YES;
				GCC_C_LANGUAGE_STANDARD = gnu11;
				GCC_DYNAMIC_NO_PIC = NO;
				GCC_NO_COMMON_BLOCKS = YES;
				GCC_OPTIMIZATION_LEVEL = 0;
				GCC_PREPROCESSOR_DEFINITIONS = (
					"DEBUG=1",
					"$(inherited)",
				);
				GCC_WARN_64_TO_32_BIT_CONVERSION = YES;
				GCC_WARN_ABOUT_RETURN_TYPE = YES_ERROR;
				GCC_WARN_UNDECLARED_SELECTOR = YES;
				GCC_WARN_UNINITIALIZED_AUTOS = YES_AGGRESSIVE;
				GCC_WARN_UNUSED_FUNCTION = YES;
				GCC_WARN_UNUSED_VARIABLE = YES;
				IPHONEOS_DEPLOYMENT_TARGET = 15.5;
				MTL_ENABLE_DEBUG_INFO = INCLUDE_SOURCE;
				MTL_FAST_MATH = YES;
				ONLY_ACTIVE_ARCH = YES;
				SDKROOT = iphoneos;
				SWIFT_ACTIVE_COMPILATION_CONDITIONS = DEBUG;
				SWIFT_OPTIMIZATION_LEVEL = "-Onone";
			};
			name = Debug;
		};
		B52E06C4283723F600EF1B3F /* Release */ = {
			isa = XCBuildConfiguration;
			buildSettings = {
				ALWAYS_SEARCH_USER_PATHS = NO;
				CLANG_ANALYZER_NONNULL = YES;
				CLANG_ANALYZER_NUMBER_OBJECT_CONVERSION = YES_AGGRESSIVE;
				CLANG_CXX_LANGUAGE_STANDARD = "gnu++17";
				CLANG_ENABLE_MODULES = YES;
				CLANG_ENABLE_OBJC_ARC = YES;
				CLANG_ENABLE_OBJC_WEAK = YES;
				CLANG_WARN_BLOCK_CAPTURE_AUTORELEASING = YES;
				CLANG_WARN_BOOL_CONVERSION = YES;
				CLANG_WARN_COMMA = YES;
				CLANG_WARN_CONSTANT_CONVERSION = YES;
				CLANG_WARN_DEPRECATED_OBJC_IMPLEMENTATIONS = YES;
				CLANG_WARN_DIRECT_OBJC_ISA_USAGE = YES_ERROR;
				CLANG_WARN_DOCUMENTATION_COMMENTS = YES;
				CLANG_WARN_EMPTY_BODY = YES;
				CLANG_WARN_ENUM_CONVERSION = YES;
				CLANG_WARN_INFINITE_RECURSION = YES;
				CLANG_WARN_INT_CONVERSION = YES;
				CLANG_WARN_NON_LITERAL_NULL_CONVERSION = YES;
				CLANG_WARN_OBJC_IMPLICIT_RETAIN_SELF = YES;
				CLANG_WARN_OBJC_LITERAL_CONVERSION = YES;
				CLANG_WARN_OBJC_ROOT_CLASS = YES_ERROR;
				CLANG_WARN_QUOTED_INCLUDE_IN_FRAMEWORK_HEADER = YES;
				CLANG_WARN_RANGE_LOOP_ANALYSIS = YES;
				CLANG_WARN_STRICT_PROTOTYPES = YES;
				CLANG_WARN_SUSPICIOUS_MOVE = YES;
				CLANG_WARN_UNGUARDED_AVAILABILITY = YES_AGGRESSIVE;
				CLANG_WARN_UNREACHABLE_CODE = YES;
				CLANG_WARN__DUPLICATE_METHOD_MATCH = YES;
				COPY_PHASE_STRIP = NO;
				DEBUG_INFORMATION_FORMAT = "dwarf-with-dsym";
				ENABLE_NS_ASSERTIONS = NO;
				ENABLE_STRICT_OBJC_MSGSEND = YES;
				GCC_C_LANGUAGE_STANDARD = gnu11;
				GCC_NO_COMMON_BLOCKS = YES;
				GCC_WARN_64_TO_32_BIT_CONVERSION = YES;
				GCC_WARN_ABOUT_RETURN_TYPE = YES_ERROR;
				GCC_WARN_UNDECLARED_SELECTOR = YES;
				GCC_WARN_UNINITIALIZED_AUTOS = YES_AGGRESSIVE;
				GCC_WARN_UNUSED_FUNCTION = YES;
				GCC_WARN_UNUSED_VARIABLE = YES;
				IPHONEOS_DEPLOYMENT_TARGET = 15.5;
				MTL_ENABLE_DEBUG_INFO = NO;
				MTL_FAST_MATH = YES;
				SDKROOT = iphoneos;
				SWIFT_COMPILATION_MODE = wholemodule;
				SWIFT_OPTIMIZATION_LEVEL = "-O";
				VALIDATE_PRODUCT = YES;
			};
			name = Release;
		};
		B52E06C6283723F600EF1B3F /* Debug */ = {
			isa = XCBuildConfiguration;
			buildSettings = {
				ASSETCATALOG_COMPILER_APPICON_NAME = AppIcon;
				ASSETCATALOG_COMPILER_GLOBAL_ACCENT_COLOR_NAME = AccentColor;
				CODE_SIGN_STYLE = Automatic;
				CURRENT_PROJECT_VERSION = 1;
				DEVELOPMENT_ASSET_PATHS = "\"JTracker/Preview Content\"";
				DEVELOPMENT_TEAM = P97QV6HP39;
				ENABLE_PREVIEWS = YES;
				GENERATE_INFOPLIST_FILE = YES;
				INFOPLIST_KEY_UIApplicationSceneManifest_Generation = YES;
				INFOPLIST_KEY_UIApplicationSupportsIndirectInputEvents = YES;
				INFOPLIST_KEY_UILaunchScreen_Generation = YES;
				INFOPLIST_KEY_UISupportedInterfaceOrientations_iPad = "UIInterfaceOrientationPortrait UIInterfaceOrientationPortraitUpsideDown UIInterfaceOrientationLandscapeLeft UIInterfaceOrientationLandscapeRight";
				INFOPLIST_KEY_UISupportedInterfaceOrientations_iPhone = "UIInterfaceOrientationPortrait UIInterfaceOrientationLandscapeLeft UIInterfaceOrientationLandscapeRight";
				LD_RUNPATH_SEARCH_PATHS = (
					"$(inherited)",
					"@executable_path/Frameworks",
				);
				MARKETING_VERSION = 1.0;
				PRODUCT_BUNDLE_IDENTIFIER = com.mehdi.JTracker;
				PRODUCT_NAME = "$(TARGET_NAME)";
				SWIFT_EMIT_LOC_STRINGS = YES;
				SWIFT_VERSION = 5.0;
				TARGETED_DEVICE_FAMILY = "1,2";
			};
			name = Debug;
		};
		B52E06C7283723F600EF1B3F /* Release */ = {
			isa = XCBuildConfiguration;
			buildSettings = {
				ASSETCATALOG_COMPILER_APPICON_NAME = AppIcon;
				ASSETCATALOG_COMPILER_GLOBAL_ACCENT_COLOR_NAME = AccentColor;
				CODE_SIGN_STYLE = Automatic;
				CURRENT_PROJECT_VERSION = 1;
				DEVELOPMENT_ASSET_PATHS = "\"JTracker/Preview Content\"";
				DEVELOPMENT_TEAM = P97QV6HP39;
				ENABLE_PREVIEWS = YES;
				GENERATE_INFOPLIST_FILE = YES;
				INFOPLIST_KEY_UIApplicationSceneManifest_Generation = YES;
				INFOPLIST_KEY_UIApplicationSupportsIndirectInputEvents = YES;
				INFOPLIST_KEY_UILaunchScreen_Generation = YES;
				INFOPLIST_KEY_UISupportedInterfaceOrientations_iPad = "UIInterfaceOrientationPortrait UIInterfaceOrientationPortraitUpsideDown UIInterfaceOrientationLandscapeLeft UIInterfaceOrientationLandscapeRight";
				INFOPLIST_KEY_UISupportedInterfaceOrientations_iPhone = "UIInterfaceOrientationPortrait UIInterfaceOrientationLandscapeLeft UIInterfaceOrientationLandscapeRight";
				LD_RUNPATH_SEARCH_PATHS = (
					"$(inherited)",
					"@executable_path/Frameworks",
				);
				MARKETING_VERSION = 1.0;
				PRODUCT_BUNDLE_IDENTIFIER = com.mehdi.JTracker;
				PRODUCT_NAME = "$(TARGET_NAME)";
				SWIFT_EMIT_LOC_STRINGS = YES;
				SWIFT_VERSION = 5.0;
				TARGETED_DEVICE_FAMILY = "1,2";
			};
			name = Release;
		};
		B52E06C9283723F600EF1B3F /* Debug */ = {
			isa = XCBuildConfiguration;
			buildSettings = {
				ALWAYS_EMBED_SWIFT_STANDARD_LIBRARIES = YES;
				BUNDLE_LOADER = "$(TEST_HOST)";
				CODE_SIGN_STYLE = Automatic;
				CURRENT_PROJECT_VERSION = 1;
				DEVELOPMENT_TEAM = P97QV6HP39;
				GENERATE_INFOPLIST_FILE = YES;
				IPHONEOS_DEPLOYMENT_TARGET = 15.5;
				MARKETING_VERSION = 1.0;
				PRODUCT_BUNDLE_IDENTIFIER = com.mehdi.JTrackerTests;
				PRODUCT_NAME = "$(TARGET_NAME)";
				SWIFT_EMIT_LOC_STRINGS = NO;
				SWIFT_VERSION = 5.0;
				TARGETED_DEVICE_FAMILY = "1,2";
				TEST_HOST = "$(BUILT_PRODUCTS_DIR)/JTracker.app/JTracker";
			};
			name = Debug;
		};
		B52E06CA283723F600EF1B3F /* Release */ = {
			isa = XCBuildConfiguration;
			buildSettings = {
				ALWAYS_EMBED_SWIFT_STANDARD_LIBRARIES = YES;
				BUNDLE_LOADER = "$(TEST_HOST)";
				CODE_SIGN_STYLE = Automatic;
				CURRENT_PROJECT_VERSION = 1;
				DEVELOPMENT_TEAM = P97QV6HP39;
				GENERATE_INFOPLIST_FILE = YES;
				IPHONEOS_DEPLOYMENT_TARGET = 15.5;
				MARKETING_VERSION = 1.0;
				PRODUCT_BUNDLE_IDENTIFIER = com.mehdi.JTrackerTests;
				PRODUCT_NAME = "$(TARGET_NAME)";
				SWIFT_EMIT_LOC_STRINGS = NO;
				SWIFT_VERSION = 5.0;
				TARGETED_DEVICE_FAMILY = "1,2";
				TEST_HOST = "$(BUILT_PRODUCTS_DIR)/JTracker.app/JTracker";
			};
			name = Release;
		};
		B52E06CC283723F600EF1B3F /* Debug */ = {
			isa = XCBuildConfiguration;
			buildSettings = {
				ALWAYS_EMBED_SWIFT_STANDARD_LIBRARIES = YES;
				CODE_SIGN_STYLE = Automatic;
				CURRENT_PROJECT_VERSION = 1;
				DEVELOPMENT_TEAM = P97QV6HP39;
				GENERATE_INFOPLIST_FILE = YES;
				MARKETING_VERSION = 1.0;
				PRODUCT_BUNDLE_IDENTIFIER = com.mehdi.JTrackerUITests;
				PRODUCT_NAME = "$(TARGET_NAME)";
				SWIFT_EMIT_LOC_STRINGS = NO;
				SWIFT_VERSION = 5.0;
				TARGETED_DEVICE_FAMILY = "1,2";
				TEST_TARGET_NAME = JTracker;
			};
			name = Debug;
		};
		B52E06CD283723F600EF1B3F /* Release */ = {
			isa = XCBuildConfiguration;
			buildSettings = {
				ALWAYS_EMBED_SWIFT_STANDARD_LIBRARIES = YES;
				CODE_SIGN_STYLE = Automatic;
				CURRENT_PROJECT_VERSION = 1;
				DEVELOPMENT_TEAM = P97QV6HP39;
				GENERATE_INFOPLIST_FILE = YES;
				MARKETING_VERSION = 1.0;
				PRODUCT_BUNDLE_IDENTIFIER = com.mehdi.JTrackerUITests;
				PRODUCT_NAME = "$(TARGET_NAME)";
				SWIFT_EMIT_LOC_STRINGS = NO;
				SWIFT_VERSION = 5.0;
				TARGETED_DEVICE_FAMILY = "1,2";
				TEST_TARGET_NAME = JTracker;
			};
			name = Release;
		};
/* End XCBuildConfiguration section */

/* Begin XCConfigurationList section */
		B52E069C283723F500EF1B3F /* Build configuration list for PBXProject "JTracker" */ = {
			isa = XCConfigurationList;
			buildConfigurations = (
				B52E06C3283723F600EF1B3F /* Debug */,
				B52E06C4283723F600EF1B3F /* Release */,
			);
			defaultConfigurationIsVisible = 0;
			defaultConfigurationName = Release;
		};
		B52E06C5283723F600EF1B3F /* Build configuration list for PBXNativeTarget "JTracker" */ = {
			isa = XCConfigurationList;
			buildConfigurations = (
				B52E06C6283723F600EF1B3F /* Debug */,
				B52E06C7283723F600EF1B3F /* Release */,
			);
			defaultConfigurationIsVisible = 0;
			defaultConfigurationName = Release;
		};
		B52E06C8283723F600EF1B3F /* Build configuration list for PBXNativeTarget "JTrackerTests" */ = {
			isa = XCConfigurationList;
			buildConfigurations = (
				B52E06C9283723F600EF1B3F /* Debug */,
				B52E06CA283723F600EF1B3F /* Release */,
			);
			defaultConfigurationIsVisible = 0;
			defaultConfigurationName = Release;
		};
		B52E06CB283723F600EF1B3F /* Build configuration list for PBXNativeTarget "JTrackerUITests" */ = {
			isa = XCConfigurationList;
			buildConfigurations = (
				B52E06CC283723F600EF1B3F /* Debug */,
				B52E06CD283723F600EF1B3F /* Release */,
			);
			defaultConfigurationIsVisible = 0;
			defaultConfigurationName = Release;
		};
/* End XCConfigurationList section */
	};
	rootObject = B52E0699283723F500EF1B3F /* Project object */;
}
